
Microsoft Visual Studio Solution File, Format Version 12.00
# Visual Studio Version 17
VisualStudioVersion = 17.0.31912.275
MinimumVisualStudioVersion = 10.0.40219.1
Project("{2150E333-8FDC-42A3-9474-1A3956D46DE8}") = "Solution Items", "Solution Items", "{C0F0E2BC-8CD3-466B-92A0-29E7C691C179}"
	ProjectSection(SolutionItems) = preProject
		.editorconfig = .editorconfig
	EndProjectSection
EndProject
Project("{FAE04EC0-301F-11D3-BF4B-00C04F79EFBC}") = "WpfCopy", "WpfCopy\WpfCopy.csproj", "{14428557-3D41-4DD5-850D-75D40164298D}"
EndProject
Project("{FAE04EC0-301F-11D3-BF4B-00C04F79EFBC}") = "WpfFileInfo", "WpfFileInfo\WpfFileInfo.csproj", "{802D7DD8-6AE0-41C0-BAC4-48C38F759469}"
EndProject
Project("{FAE04EC0-301F-11D3-BF4B-00C04F79EFBC}") = "WpfCompare", "WpfCompare\WpfCompare.csproj", "{315A924B-F47C-4A84-88F0-0823EBBFB455}"
EndProject
Global
	GlobalSection(SolutionConfigurationPlatforms) = preSolution
		Debug|Any CPU = Debug|Any CPU
		Release|Any CPU = Release|Any CPU
	EndGlobalSection
	GlobalSection(ProjectConfigurationPlatforms) = postSolution
		{14428557-3D41-4DD5-850D-75D40164298D}.Debug|Any CPU.ActiveCfg = Debug|Any CPU
		{14428557-3D41-4DD5-850D-75D40164298D}.Debug|Any CPU.Build.0 = Debug|Any CPU
		{14428557-3D41-4DD5-850D-75D40164298D}.Release|Any CPU.ActiveCfg = Release|Any CPU
		{14428557-3D41-4DD5-850D-75D40164298D}.Release|Any CPU.Build.0 = Release|Any CPU
		{802D7DD8-6AE0-41C0-BAC4-48C38F759469}.Debug|Any CPU.ActiveCfg = Debug|Any CPU
		{802D7DD8-6AE0-41C0-BAC4-48C38F759469}.Debug|Any CPU.Build.0 = Debug|Any CPU
		{802D7DD8-6AE0-41C0-BAC4-48C38F759469}.Release|Any CPU.ActiveCfg = Release|Any CPU
		{802D7DD8-6AE0-41C0-BAC4-48C38F759469}.Release|Any CPU.Build.0 = Release|Any CPU
		{315A924B-F47C-4A84-88F0-0823EBBFB455}.Debug|Any CPU.ActiveCfg = Debug|Any CPU
		{315A924B-F47C-4A84-88F0-0823EBBFB455}.Debug|Any CPU.Build.0 = Debug|Any CPU
		{315A924B-F47C-4A84-88F0-0823EBBFB455}.Release|Any CPU.ActiveCfg = Release|Any CPU
		{315A924B-F47C-4A84-88F0-0823EBBFB455}.Release|Any CPU.Build.0 = Release|Any CPU
	EndGlobalSection
	GlobalSection(SolutionProperties) = preSolution
		HideSolutionNode = FALSE
	EndGlobalSection
	GlobalSection(ExtensibilityGlobals) = postSolution
		SolutionGuid = {3DC0C658-F767-46C3-8A80-D9A2CDCF86E5}
	EndGlobalSection
EndGlobal
