
Microsoft Visual Studio Solution File, Format Version 12.00
# Visual Studio Version 17
VisualStudioVersion = 17.3.32929.385
MinimumVisualStudioVersion = 10.0.40219.1
Project("{FAE04EC0-301F-11D3-BF4B-00C04F79EFBC}") = "WpfGebruiker", "WpfGebruiker\WpfGebruiker.csproj", "{55DE52FB-7C63-49BF-8B50-41E8AE875C72}"
EndProject
Project("{FAE04EC0-301F-11D3-BF4B-00C04F79EFBC}") = "MyClassLibrary", "MyClassLibrary\MyClassLibrary.csproj", "{2EE2BD98-9CC3-4A31-83C9-808CF9691801}"
EndProject
Project("{2150E333-8FDC-42A3-9474-1A3956D46DE8}") = "Solution Items", "Solution Items", "{4806DF47-AC3F-48A6-8ED9-6F282C33B475}"
	ProjectSection(SolutionItems) = preProject
		.editorconfig = .editorconfig
	EndProjectSection
EndProject
Global
	GlobalSection(SolutionConfigurationPlatforms) = preSolution
		Debug|Any CPU = Debug|Any CPU
		Release|Any CPU = Release|Any CPU
	EndGlobalSection
	GlobalSection(ProjectConfigurationPlatforms) = postSolution
		{55DE52FB-7C63-49BF-8B50-41E8AE875C72}.Debug|Any CPU.ActiveCfg = Debug|Any CPU
		{55DE52FB-7C63-49BF-8B50-41E8AE875C72}.Debug|Any CPU.Build.0 = Debug|Any CPU
		{55DE52FB-7C63-49BF-8B50-41E8AE875C72}.Release|Any CPU.ActiveCfg = Release|Any CPU
		{55DE52FB-7C63-49BF-8B50-41E8AE875C72}.Release|Any CPU.Build.0 = Release|Any CPU
		{2EE2BD98-9CC3-4A31-83C9-808CF9691801}.Debug|Any CPU.ActiveCfg = Debug|Any CPU
		{2EE2BD98-9CC3-4A31-83C9-808CF9691801}.Debug|Any CPU.Build.0 = Debug|Any CPU
		{2EE2BD98-9CC3-4A31-83C9-808CF9691801}.Release|Any CPU.ActiveCfg = Release|Any CPU
		{2EE2BD98-9CC3-4A31-83C9-808CF9691801}.Release|Any CPU.Build.0 = Release|Any CPU
	EndGlobalSection
	GlobalSection(SolutionProperties) = preSolution
		HideSolutionNode = FALSE
	EndGlobalSection
	GlobalSection(ExtensibilityGlobals) = postSolution
		SolutionGuid = {5F6B307D-C01C-4606-8636-6D869CCC5AFB}
	EndGlobalSection
EndGlobal
